// !$*UTF8*$!
{
	archiveVersion = 1;
	classes = {
	};
	objectVersion = 50;
	objects = {

/* Begin PBXBuildFile section */
		671176D8247B8580001237CB /* AppDelegate.swift in Sources */ = {isa = PBXBuildFile; fileRef = 671176D7247B8580001237CB /* AppDelegate.swift */; };
		671176DA247B8580001237CB /* SceneDelegate.swift in Sources */ = {isa = PBXBuildFile; fileRef = 671176D9247B8580001237CB /* SceneDelegate.swift */; };
		671176DC247B8580001237CB /* ContentView.swift in Sources */ = {isa = PBXBuildFile; fileRef = 671176DB247B8580001237CB /* ContentView.swift */; };
		671176DE247B8583001237CB /* Assets.xcassets in Resources */ = {isa = PBXBuildFile; fileRef = 671176DD247B8583001237CB /* Assets.xcassets */; };
		671176E1247B8583001237CB /* Preview Assets.xcassets in Resources */ = {isa = PBXBuildFile; fileRef = 671176E0247B8583001237CB /* Preview Assets.xcassets */; };
		671176E4247B8583001237CB /* LaunchScreen.storyboard in Resources */ = {isa = PBXBuildFile; fileRef = 671176E2247B8583001237CB /* LaunchScreen.storyboard */; };
		671176EF247B8584001237CB /* ITinderTests.swift in Sources */ = {isa = PBXBuildFile; fileRef = 671176EE247B8584001237CB /* ITinderTests.swift */; };
		671176FA247B8584001237CB /* ITinderUITests.swift in Sources */ = {isa = PBXBuildFile; fileRef = 671176F9247B8584001237CB /* ITinderUITests.swift */; };
/* End PBXBuildFile section */

/* Begin PBXContainerItemProxy section */
		671176EB247B8584001237CB /* PBXContainerItemProxy */ = {
			isa = PBXContainerItemProxy;
			containerPortal = 671176CC247B8580001237CB /* Project object */;
			proxyType = 1;
			remoteGlobalIDString = 671176D3247B8580001237CB;
			remoteInfo = ITinder;
		};
		671176F6247B8584001237CB /* PBXContainerItemProxy */ = {
			isa = PBXContainerItemProxy;
			containerPortal = 671176CC247B8580001237CB /* Project object */;
			proxyType = 1;
			remoteGlobalIDString = 671176D3247B8580001237CB;
			remoteInfo = ITinder;
		};
/* End PBXContainerItemProxy section */

/* Begin PBXFileReference section */
		671176D4247B8580001237CB /* ITinder.app */ = {isa = PBXFileReference; explicitFileType = wrapper.application; includeInIndex = 0; path = ITinder.app; sourceTree = BUILT_PRODUCTS_DIR; };
		671176D7247B8580001237CB /* AppDelegate.swift */ = {isa = PBXFileReference; lastKnownFileType = sourcecode.swift; path = AppDelegate.swift; sourceTree = "<group>"; };
		671176D9247B8580001237CB /* SceneDelegate.swift */ = {isa = PBXFileReference; lastKnownFileType = sourcecode.swift; path = SceneDelegate.swift; sourceTree = "<group>"; };
		671176DB247B8580001237CB /* ContentView.swift */ = {isa = PBXFileReference; lastKnownFileType = sourcecode.swift; path = ContentView.swift; sourceTree = "<group>"; };
		671176DD247B8583001237CB /* Assets.xcassets */ = {isa = PBXFileReference; lastKnownFileType = folder.assetcatalog; path = Assets.xcassets; sourceTree = "<group>"; };
		671176E0247B8583001237CB /* Preview Assets.xcassets */ = {isa = PBXFileReference; lastKnownFileType = folder.assetcatalog; path = "Preview Assets.xcassets"; sourceTree = "<group>"; };
		671176E3247B8583001237CB /* Base */ = {isa = PBXFileReference; lastKnownFileType = file.storyboard; name = Base; path = Base.lproj/LaunchScreen.storyboard; sourceTree = "<group>"; };
		671176E5247B8583001237CB /* Info.plist */ = {isa = PBXFileReference; lastKnownFileType = text.plist.xml; path = Info.plist; sourceTree = "<group>"; };
		671176EA247B8584001237CB /* ITinderTests.xctest */ = {isa = PBXFileReference; explicitFileType = wrapper.cfbundle; includeInIndex = 0; path = ITinderTests.xctest; sourceTree = BUILT_PRODUCTS_DIR; };
		671176EE247B8584001237CB /* ITinderTests.swift */ = {isa = PBXFileReference; lastKnownFileType = sourcecode.swift; path = ITinderTests.swift; sourceTree = "<group>"; };
		671176F0247B8584001237CB /* Info.plist */ = {isa = PBXFileReference; lastKnownFileType = text.plist.xml; path = Info.plist; sourceTree = "<group>"; };
		671176F5247B8584001237CB /* ITinderUITests.xctest */ = {isa = PBXFileReference; explicitFileType = wrapper.cfbundle; includeInIndex = 0; path = ITinderUITests.xctest; sourceTree = BUILT_PRODUCTS_DIR; };
		671176F9247B8584001237CB /* ITinderUITests.swift */ = {isa = PBXFileReference; lastKnownFileType = sourcecode.swift; path = ITinderUITests.swift; sourceTree = "<group>"; };
		671176FB247B8584001237CB /* Info.plist */ = {isa = PBXFileReference; lastKnownFileType = text.plist.xml; path = Info.plist; sourceTree = "<group>"; };
/* End PBXFileReference section */

/* Begin PBXFrameworksBuildPhase section */
		671176D1247B8580001237CB /* Frameworks */ = {
			isa = PBXFrameworksBuildPhase;
			buildActionMask = 2147483647;
			files = (
			);
			runOnlyForDeploymentPostprocessing = 0;
		};
		671176E7247B8584001237CB /* Frameworks */ = {
			isa = PBXFrameworksBuildPhase;
			buildActionMask = 2147483647;
			files = (
			);
			runOnlyForDeploymentPostprocessing = 0;
		};
		671176F2247B8584001237CB /* Frameworks */ = {
			isa = PBXFrameworksBuildPhase;
			buildActionMask = 2147483647;
			files = (
			);
			runOnlyForDeploymentPostprocessing = 0;
		};
/* End PBXFrameworksBuildPhase section */

/* Begin PBXGroup section */
		671176CB247B8580001237CB = {
			isa = PBXGroup;
			children = (
				671176D6247B8580001237CB /* ITinder */,
				671176ED247B8584001237CB /* ITinderTests */,
				671176F8247B8584001237CB /* ITinderUITests */,
				671176D5247B8580001237CB /* Products */,
			);
			sourceTree = "<group>";
		};
		671176D5247B8580001237CB /* Products */ = {
			isa = PBXGroup;
			children = (
				671176D4247B8580001237CB /* ITinder.app */,
				671176EA247B8584001237CB /* ITinderTests.xctest */,
				671176F5247B8584001237CB /* ITinderUITests.xctest */,
			);
			name = Products;
			sourceTree = "<group>";
		};
		671176D6247B8580001237CB /* ITinder */ = {
			isa = PBXGroup;
			children = (
				671176D7247B8580001237CB /* AppDelegate.swift */,
				671176D9247B8580001237CB /* SceneDelegate.swift */,
				671176DB247B8580001237CB /* ContentView.swift */,
				671176DD247B8583001237CB /* Assets.xcassets */,
				671176E2247B8583001237CB /* LaunchScreen.storyboard */,
				671176E5247B8583001237CB /* Info.plist */,
				671176DF247B8583001237CB /* Preview Content */,
			);
			path = ITinder;
			sourceTree = "<group>";
		};
		671176DF247B8583001237CB /* Preview Content */ = {
			isa = PBXGroup;
			children = (
				671176E0247B8583001237CB /* Preview Assets.xcassets */,
			);
			path = "Preview Content";
			sourceTree = "<group>";
		};
		671176ED247B8584001237CB /* ITinderTests */ = {
			isa = PBXGroup;
			children = (
				671176EE247B8584001237CB /* ITinderTests.swift */,
				671176F0247B8584001237CB /* Info.plist */,
			);
			path = ITinderTests;
			sourceTree = "<group>";
		};
		671176F8247B8584001237CB /* ITinderUITests */ = {
			isa = PBXGroup;
			children = (
				671176F9247B8584001237CB /* ITinderUITests.swift */,
				671176FB247B8584001237CB /* Info.plist */,
			);
			path = ITinderUITests;
			sourceTree = "<group>";
		};
/* End PBXGroup section */

/* Begin PBXNativeTarget section */
		671176D3247B8580001237CB /* ITinder */ = {
			isa = PBXNativeTarget;
			buildConfigurationList = 671176FE247B8584001237CB /* Build configuration list for PBXNativeTarget "ITinder" */;
			buildPhases = (
				671176D0247B8580001237CB /* Sources */,
				671176D1247B8580001237CB /* Frameworks */,
				671176D2247B8580001237CB /* Resources */,
			);
			buildRules = (
			);
			dependencies = (
			);
			name = ITinder;
			productName = ITinder;
			productReference = 671176D4247B8580001237CB /* ITinder.app */;
			productType = "com.apple.product-type.application";
		};
		671176E9247B8584001237CB /* ITinderTests */ = {
			isa = PBXNativeTarget;
			buildConfigurationList = 67117701247B8584001237CB /* Build configuration list for PBXNativeTarget "ITinderTests" */;
			buildPhases = (
				671176E6247B8584001237CB /* Sources */,
				671176E7247B8584001237CB /* Frameworks */,
				671176E8247B8584001237CB /* Resources */,
			);
			buildRules = (
			);
			dependencies = (
				671176EC247B8584001237CB /* PBXTargetDependency */,
			);
			name = ITinderTests;
			productName = ITinderTests;
			productReference = 671176EA247B8584001237CB /* ITinderTests.xctest */;
			productType = "com.apple.product-type.bundle.unit-test";
		};
		671176F4247B8584001237CB /* ITinderUITests */ = {
			isa = PBXNativeTarget;
			buildConfigurationList = 67117704247B8584001237CB /* Build configuration list for PBXNativeTarget "ITinderUITests" */;
			buildPhases = (
				671176F1247B8584001237CB /* Sources */,
				671176F2247B8584001237CB /* Frameworks */,
				671176F3247B8584001237CB /* Resources */,
			);
			buildRules = (
			);
			dependencies = (
				671176F7247B8584001237CB /* PBXTargetDependency */,
			);
			name = ITinderUITests;
			productName = ITinderUITests;
			productReference = 671176F5247B8584001237CB /* ITinderUITests.xctest */;
			productType = "com.apple.product-type.bundle.ui-testing";
		};
/* End PBXNativeTarget section */

/* Begin PBXProject section */
		671176CC247B8580001237CB /* Project object */ = {
			isa = PBXProject;
			attributes = {
				LastSwiftUpdateCheck = 1140;
				LastUpgradeCheck = 1140;
				ORGANIZATIONNAME = "水木大悟";
				TargetAttributes = {
					671176D3247B8580001237CB = {
						CreatedOnToolsVersion = 11.4.1;
					};
					671176E9247B8584001237CB = {
						CreatedOnToolsVersion = 11.4.1;
						TestTargetID = 671176D3247B8580001237CB;
					};
					671176F4247B8584001237CB = {
						CreatedOnToolsVersion = 11.4.1;
						TestTargetID = 671176D3247B8580001237CB;
					};
				};
			};
			buildConfigurationList = 671176CF247B8580001237CB /* Build configuration list for PBXProject "ITinder" */;
			compatibilityVersion = "Xcode 9.3";
			developmentRegion = en;
			hasScannedForEncodings = 0;
			knownRegions = (
				en,
				Base,
			);
			mainGroup = 671176CB247B8580001237CB;
			productRefGroup = 671176D5247B8580001237CB /* Products */;
			projectDirPath = "";
			projectRoot = "";
			targets = (
				671176D3247B8580001237CB /* ITinder */,
				671176E9247B8584001237CB /* ITinderTests */,
				671176F4247B8584001237CB /* ITinderUITests */,
			);
		};
/* End PBXProject section */

/* Begin PBXResourcesBuildPhase section */
		671176D2247B8580001237CB /* Resources */ = {
			isa = PBXResourcesBuildPhase;
			buildActionMask = 2147483647;
			files = (
				671176E4247B8583001237CB /* LaunchScreen.storyboard in Resources */,
				671176E1247B8583001237CB /* Preview Assets.xcassets in Resources */,
				671176DE247B8583001237CB /* Assets.xcassets in Resources */,
			);
			runOnlyForDeploymentPostprocessing = 0;
		};
		671176E8247B8584001237CB /* Resources */ = {
			isa = PBXResourcesBuildPhase;
			buildActionMask = 2147483647;
			files = (
			);
			runOnlyForDeploymentPostprocessing = 0;
		};
		671176F3247B8584001237CB /* Resources */ = {
			isa = PBXResourcesBuildPhase;
			buildActionMask = 2147483647;
			files = (
			);
			runOnlyForDeploymentPostprocessing = 0;
		};
/* End PBXResourcesBuildPhase section */

/* Begin PBXSourcesBuildPhase section */
		671176D0247B8580001237CB /* Sources */ = {
			isa = PBXSourcesBuildPhase;
			buildActionMask = 2147483647;
			files = (
				671176D8247B8580001237CB /* AppDelegate.swift in Sources */,
				671176DA247B8580001237CB /* SceneDelegate.swift in Sources */,
				671176DC247B8580001237CB /* ContentView.swift in Sources */,
			);
			runOnlyForDeploymentPostprocessing = 0;
		};
		671176E6247B8584001237CB /* Sources */ = {
			isa = PBXSourcesBuildPhase;
			buildActionMask = 2147483647;
			files = (
				671176EF247B8584001237CB /* ITinderTests.swift in Sources */,
			);
			runOnlyForDeploymentPostprocessing = 0;
		};
		671176F1247B8584001237CB /* Sources */ = {
			isa = PBXSourcesBuildPhase;
			buildActionMask = 2147483647;
			files = (
				671176FA247B8584001237CB /* ITinderUITests.swift in Sources */,
			);
			runOnlyForDeploymentPostprocessing = 0;
		};
/* End PBXSourcesBuildPhase section */

/* Begin PBXTargetDependency section */
		671176EC247B8584001237CB /* PBXTargetDependency */ = {
			isa = PBXTargetDependency;
			target = 671176D3247B8580001237CB /* ITinder */;
			targetProxy = 671176EB247B8584001237CB /* PBXContainerItemProxy */;
		};
		671176F7247B8584001237CB /* PBXTargetDependency */ = {
			isa = PBXTargetDependency;
			target = 671176D3247B8580001237CB /* ITinder */;
			targetProxy = 671176F6247B8584001237CB /* PBXContainerItemProxy */;
		};
/* End PBXTargetDependency section */

/* Begin PBXVariantGroup section */
		671176E2247B8583001237CB /* LaunchScreen.storyboard */ = {
			isa = PBXVariantGroup;
			children = (
				671176E3247B8583001237CB /* Base */,
			);
			name = LaunchScreen.storyboard;
			sourceTree = "<group>";
		};
/* End PBXVariantGroup section */

/* Begin XCBuildConfiguration section */
		671176FC247B8584001237CB /* Debug */ = {
			isa = XCBuildConfiguration;
			buildSettings = {
				ALWAYS_SEARCH_USER_PATHS = NO;
				CLANG_ANALYZER_NONNULL = YES;
				CLANG_ANALYZER_NUMBER_OBJECT_CONVERSION = YES_AGGRESSIVE;
				CLANG_CXX_LANGUAGE_STANDARD = "gnu++14";
				CLANG_CXX_LIBRARY = "libc++";
				CLANG_ENABLE_MODULES = YES;
				CLANG_ENABLE_OBJC_ARC = YES;
				CLANG_ENABLE_OBJC_WEAK = YES;
				CLANG_WARN_BLOCK_CAPTURE_AUTORELEASING = YES;
				CLANG_WARN_BOOL_CONVERSION = YES;
				CLANG_WARN_COMMA = YES;
				CLANG_WARN_CONSTANT_CONVERSION = YES;
				CLANG_WARN_DEPRECATED_OBJC_IMPLEMENTATIONS = YES;
				CLANG_WARN_DIRECT_OBJC_ISA_USAGE = YES_ERROR;
				CLANG_WARN_DOCUMENTATION_COMMENTS = YES;
				CLANG_WARN_EMPTY_BODY = YES;
				CLANG_WARN_ENUM_CONVERSION = YES;
				CLANG_WARN_INFINITE_RECURSION = YES;
				CLANG_WARN_INT_CONVERSION = YES;
				CLANG_WARN_NON_LITERAL_NULL_CONVERSION = YES;
				CLANG_WARN_OBJC_IMPLICIT_RETAIN_SELF = YES;
				CLANG_WARN_OBJC_LITERAL_CONVERSION = YES;
				CLANG_WARN_OBJC_ROOT_CLASS = YES_ERROR;
				CLANG_WARN_RANGE_LOOP_ANALYSIS = YES;
				CLANG_WARN_STRICT_PROTOTYPES = YES;
				CLANG_WARN_SUSPICIOUS_MOVE = YES;
				CLANG_WARN_UNGUARDED_AVAILABILITY = YES_AGGRESSIVE;
				CLANG_WARN_UNREACHABLE_CODE = YES;
				CLANG_WARN__DUPLICATE_METHOD_MATCH = YES;
				COPY_PHASE_STRIP = NO;
				DEBUG_INFORMATION_FORMAT = dwarf;
				ENABLE_STRICT_OBJC_MSGSEND = YES;
				ENABLE_TESTABILITY = YES;
				GCC_C_LANGUAGE_STANDARD = gnu11;
				GCC_DYNAMIC_NO_PIC = NO;
				GCC_NO_COMMON_BLOCKS = YES;
				GCC_OPTIMIZATION_LEVEL = 0;
				GCC_PREPROCESSOR_DEFINITIONS = (
					"DEBUG=1",
					"$(inherited)",
				);
				GCC_WARN_64_TO_32_BIT_CONVERSION = YES;
				GCC_WARN_ABOUT_RETURN_TYPE = YES_ERROR;
				GCC_WARN_UNDECLARED_SELECTOR = YES;
				GCC_WARN_UNINITIALIZED_AUTOS = YES_AGGRESSIVE;
				GCC_WARN_UNUSED_FUNCTION = YES;
				GCC_WARN_UNUSED_VARIABLE = YES;
				IPHONEOS_DEPLOYMENT_TARGET = 13.4;
				MTL_ENABLE_DEBUG_INFO = INCLUDE_SOURCE;
				MTL_FAST_MATH = YES;
				ONLY_ACTIVE_ARCH = YES;
				SDKROOT = iphoneos;
				SWIFT_ACTIVE_COMPILATION_CONDITIONS = DEBUG;
				SWIFT_OPTIMIZATION_LEVEL = "-Onone";
			};
			name = Debug;
		};
		671176FD247B8584001237CB /* Release */ = {
			isa = XCBuildConfiguration;
			buildSettings = {
				ALWAYS_SEARCH_USER_PATHS = NO;
				CLANG_ANALYZER_NONNULL = YES;
				CLANG_ANALYZER_NUMBER_OBJECT_CONVERSION = YES_AGGRESSIVE;
				CLANG_CXX_LANGUAGE_STANDARD = "gnu++14";
				CLANG_CXX_LIBRARY = "libc++";
				CLANG_ENABLE_MODULES = YES;
				CLANG_ENABLE_OBJC_ARC = YES;
				CLANG_ENABLE_OBJC_WEAK = YES;
				CLANG_WARN_BLOCK_CAPTURE_AUTORELEASING = YES;
				CLANG_WARN_BOOL_CONVERSION = YES;
				CLANG_WARN_COMMA = YES;
				CLANG_WARN_CONSTANT_CONVERSION = YES;
				CLANG_WARN_DEPRECATED_OBJC_IMPLEMENTATIONS = YES;
				CLANG_WARN_DIRECT_OBJC_ISA_USAGE = YES_ERROR;
				CLANG_WARN_DOCUMENTATION_COMMENTS = YES;
				CLANG_WARN_EMPTY_BODY = YES;
				CLANG_WARN_ENUM_CONVERSION = YES;
				CLANG_WARN_INFINITE_RECURSION = YES;
				CLANG_WARN_INT_CONVERSION = YES;
				CLANG_WARN_NON_LITERAL_NULL_CONVERSION = YES;
				CLANG_WARN_OBJC_IMPLICIT_RETAIN_SELF = YES;
				CLANG_WARN_OBJC_LITERAL_CONVERSION = YES;
				CLANG_WARN_OBJC_ROOT_CLASS = YES_ERROR;
				CLANG_WARN_RANGE_LOOP_ANALYSIS = YES;
				CLANG_WARN_STRICT_PROTOTYPES = YES;
				CLANG_WARN_SUSPICIOUS_MOVE = YES;
				CLANG_WARN_UNGUARDED_AVAILABILITY = YES_AGGRESSIVE;
				CLANG_WARN_UNREACHABLE_CODE = YES;
				CLANG_WARN__DUPLICATE_METHOD_MATCH = YES;
				COPY_PHASE_STRIP = NO;
				DEBUG_INFORMATION_FORMAT = "dwarf-with-dsym";
				ENABLE_NS_ASSERTIONS = NO;
				ENABLE_STRICT_OBJC_MSGSEND = YES;
				GCC_C_LANGUAGE_STANDARD = gnu11;
				GCC_NO_COMMON_BLOCKS = YES;
				GCC_WARN_64_TO_32_BIT_CONVERSION = YES;
				GCC_WARN_ABOUT_RETURN_TYPE = YES_ERROR;
				GCC_WARN_UNDECLARED_SELECTOR = YES;
				GCC_WARN_UNINITIALIZED_AUTOS = YES_AGGRESSIVE;
				GCC_WARN_UNUSED_FUNCTION = YES;
				GCC_WARN_UNUSED_VARIABLE = YES;
				IPHONEOS_DEPLOYMENT_TARGET = 13.4;
				MTL_ENABLE_DEBUG_INFO = NO;
				MTL_FAST_MATH = YES;
				SDKROOT = iphoneos;
				SWIFT_COMPILATION_MODE = wholemodule;
				SWIFT_OPTIMIZATION_LEVEL = "-O";
				VALIDATE_PRODUCT = YES;
			};
			name = Release;
		};
		671176FF247B8584001237CB /* Debug */ = {
			isa = XCBuildConfiguration;
			buildSettings = {
				ASSETCATALOG_COMPILER_APPICON_NAME = AppIcon;
				CODE_SIGN_STYLE = Automatic;
				DEVELOPMENT_ASSET_PATHS = "\"ITinder/Preview Content\"";
				ENABLE_PREVIEWS = YES;
				INFOPLIST_FILE = ITinder/Info.plist;
				LD_RUNPATH_SEARCH_PATHS = (
					"$(inherited)",
					"@executable_path/Frameworks",
				);
				PRODUCT_BUNDLE_IDENTIFIER = com.daigo.ITinder;
				PRODUCT_NAME = "$(TARGET_NAME)";
				SWIFT_VERSION = 5.0;
				TARGETED_DEVICE_FAMILY = "1,2";
			};
			name = Debug;
		};
		67117700247B8584001237CB /* Release */ = {
			isa = XCBuildConfiguration;
			buildSettings = {
				ASSETCATALOG_COMPILER_APPICON_NAME = AppIcon;
				CODE_SIGN_STYLE = Automatic;
				DEVELOPMENT_ASSET_PATHS = "\"ITinder/Preview Content\"";
				ENABLE_PREVIEWS = YES;
				INFOPLIST_FILE = ITinder/Info.plist;
				LD_RUNPATH_SEARCH_PATHS = (
					"$(inherited)",
					"@executable_path/Frameworks",
				);
				PRODUCT_BUNDLE_IDENTIFIER = com.daigo.ITinder;
				PRODUCT_NAME = "$(TARGET_NAME)";
				SWIFT_VERSION = 5.0;
				TARGETED_DEVICE_FAMILY = "1,2";
			};
			name = Release;
		};
		67117702247B8584001237CB /* Debug */ = {
			isa = XCBuildConfiguration;
			buildSettings = {
				ALWAYS_EMBED_SWIFT_STANDARD_LIBRARIES = YES;
				BUNDLE_LOADER = "$(TEST_HOST)";
				CODE_SIGN_STYLE = Automatic;
				INFOPLIST_FILE = ITinderTests/Info.plist;
				IPHONEOS_DEPLOYMENT_TARGET = 13.4;
				LD_RUNPATH_SEARCH_PATHS = (
					"$(inherited)",
					"@executable_path/Frameworks",
					"@loader_path/Frameworks",
				);
				PRODUCT_BUNDLE_IDENTIFIER = com.daigo.ITinderTests;
				PRODUCT_NAME = "$(TARGET_NAME)";
				SWIFT_VERSION = 5.0;
				TARGETED_DEVICE_FAMILY = "1,2";
				TEST_HOST = "$(BUILT_PRODUCTS_DIR)/ITinder.app/ITinder";
			};
			name = Debug;
		};
		67117703247B8584001237CB /* Release */ = {
			isa = XCBuildConfiguration;
			buildSettings = {
				ALWAYS_EMBED_SWIFT_STANDARD_LIBRARIES = YES;
				BUNDLE_LOADER = "$(TEST_HOST)";
				CODE_SIGN_STYLE = Automatic;
				INFOPLIST_FILE = ITinderTests/Info.plist;
				IPHONEOS_DEPLOYMENT_TARGET = 13.4;
				LD_RUNPATH_SEARCH_PATHS = (
					"$(inherited)",
					"@executable_path/Frameworks",
					"@loader_path/Frameworks",
				);
				PRODUCT_BUNDLE_IDENTIFIER = com.daigo.ITinderTests;
				PRODUCT_NAME = "$(TARGET_NAME)";
				SWIFT_VERSION = 5.0;
				TARGETED_DEVICE_FAMILY = "1,2";
				TEST_HOST = "$(BUILT_PRODUCTS_DIR)/ITinder.app/ITinder";
			};
			name = Release;
		};
		67117705247B8584001237CB /* Debug */ = {
			isa = XCBuildConfiguration;
			buildSettings = {
				ALWAYS_EMBED_SWIFT_STANDARD_LIBRARIES = YES;
				CODE_SIGN_STYLE = Automatic;
				INFOPLIST_FILE = ITinderUITests/Info.plist;
				LD_RUNPATH_SEARCH_PATHS = (
					"$(inherited)",
					"@executable_path/Frameworks",
					"@loader_path/Frameworks",
				);
				PRODUCT_BUNDLE_IDENTIFIER = com.daigo.ITinderUITests;
				PRODUCT_NAME = "$(TARGET_NAME)";
				SWIFT_VERSION = 5.0;
				TARGETED_DEVICE_FAMILY = "1,2";
				TEST_TARGET_NAME = ITinder;
			};
			name = Debug;
		};
		67117706247B8584001237CB /* Release */ = {
			isa = XCBuildConfiguration;
			buildSettings = {
				ALWAYS_EMBED_SWIFT_STANDARD_LIBRARIES = YES;
				CODE_SIGN_STYLE = Automatic;
				INFOPLIST_FILE = ITinderUITests/Info.plist;
				LD_RUNPATH_SEARCH_PATHS = (
					"$(inherited)",
					"@executable_path/Frameworks",
					"@loader_path/Frameworks",
				);
				PRODUCT_BUNDLE_IDENTIFIER = com.daigo.ITinderUITests;
				PRODUCT_NAME = "$(TARGET_NAME)";
				SWIFT_VERSION = 5.0;
				TARGETED_DEVICE_FAMILY = "1,2";
				TEST_TARGET_NAME = ITinder;
			};
			name = Release;
		};
/* End XCBuildConfiguration section */

/* Begin XCConfigurationList section */
		671176CF247B8580001237CB /* Build configuration list for PBXProject "ITinder" */ = {
			isa = XCConfigurationList;
			buildConfigurations = (
				671176FC247B8584001237CB /* Debug */,
				671176FD247B8584001237CB /* Release */,
			);
			defaultConfigurationIsVisible = 0;
			defaultConfigurationName = Release;
		};
		671176FE247B8584001237CB /* Build configuration list for PBXNativeTarget "ITinder" */ = {
			isa = XCConfigurationList;
			buildConfigurations = (
				671176FF247B8584001237CB /* Debug */,
				67117700247B8584001237CB /* Release */,
			);
			defaultConfigurationIsVisible = 0;
			defaultConfigurationName = Release;
		};
		67117701247B8584001237CB /* Build configuration list for PBXNativeTarget "ITinderTests" */ = {
			isa = XCConfigurationList;
			buildConfigurations = (
				67117702247B8584001237CB /* Debug */,
				67117703247B8584001237CB /* Release */,
			);
			defaultConfigurationIsVisible = 0;
			defaultConfigurationName = Release;
		};
		67117704247B8584001237CB /* Build configuration list for PBXNativeTarget "ITinderUITests" */ = {
			isa = XCConfigurationList;
			buildConfigurations = (
				67117705247B8584001237CB /* Debug */,
				67117706247B8584001237CB /* Release */,
			);
			defaultConfigurationIsVisible = 0;
			defaultConfigurationName = Release;
		};
/* End XCConfigurationList section */
	};
	rootObject = 671176CC247B8580001237CB /* Project object */;
}
